
Microsoft Visual Studio Solution File, Format Version 12.00
# Visual Studio 15
VisualStudioVersion = 15.0.26403.3
MinimumVisualStudioVersion = 10.0.40219.1
Project("{FAE04EC0-301F-11D3-BF4B-00C04F79EFBC}") = "MarioFood", "MarioFood\MarioFood.csproj", "{51F07B85-345D-4BFD-BD6D-9A6821D34348}"
EndProject
Project("{FAE04EC0-301F-11D3-BF4B-00C04F79EFBC}") = "MarioFoodTests", "ProductTests\MarioFoodTests.csproj", "{6352CB1A-0FEE-40E0-9392-1A6433AABFFA}"
EndProject
Global
	GlobalSection(SolutionConfigurationPlatforms) = preSolution
		Debug|Any CPU = Debug|Any CPU
		Release|Any CPU = Release|Any CPU
	EndGlobalSection
	GlobalSection(ProjectConfigurationPlatforms) = postSolution
		{51F07B85-345D-4BFD-BD6D-9A6821D34348}.Debug|Any CPU.ActiveCfg = Debug|Any CPU
		{51F07B85-345D-4BFD-BD6D-9A6821D34348}.Debug|Any CPU.Build.0 = Debug|Any CPU
		{51F07B85-345D-4BFD-BD6D-9A6821D34348}.Release|Any CPU.ActiveCfg = Release|Any CPU
		{51F07B85-345D-4BFD-BD6D-9A6821D34348}.Release|Any CPU.Build.0 = Release|Any CPU
		{6352CB1A-0FEE-40E0-9392-1A6433AABFFA}.Debug|Any CPU.ActiveCfg = Debug|Any CPU
		{6352CB1A-0FEE-40E0-9392-1A6433AABFFA}.Debug|Any CPU.Build.0 = Debug|Any CPU
		{6352CB1A-0FEE-40E0-9392-1A6433AABFFA}.Release|Any CPU.ActiveCfg = Release|Any CPU
		{6352CB1A-0FEE-40E0-9392-1A6433AABFFA}.Release|Any CPU.Build.0 = Release|Any CPU
	EndGlobalSection
	GlobalSection(SolutionProperties) = preSolution
		HideSolutionNode = FALSE
	EndGlobalSection
EndGlobal
